{
  "name": "rescript-tea",
  "version": "0.6.1",
  "lockfileVersion": 1,
  "requires": true,
  "dependencies": {
    "rescript": {
      "version": "9.1.4",
      "resolved": "https://registry.npmjs.org/rescript/-/rescript-9.1.4.tgz",
      "integrity": "sha512-aXANK4IqecJzdnDpJUsU6pxMViCR5ogAxzuqS0mOr8TloMnzAjJFu63fjD6LCkWrKAhlMkFFzQvVQYaAaVkFXw==",
      "dev": true
    },
    "rescript-webapi": {
      "version": "0.6.1",
      "resolved": "https://registry.npmjs.org/rescript-webapi/-/rescript-webapi-0.6.1.tgz",
      "integrity": "sha512-I/eeHOcsUfWbCf6u15zd+rKxMz9awSjjdRa8eFtl2X+HjDNs0mJxoC4uFFK9dIazYcmY2VpuK5TTpOPXvdkhDw=="
    }
  }
}
